
Microsoft Visual Studio Solution File, Format Version 12.00
Project("{2150E333-8FDC-42A3-9474-1A3956D46DE8}") = "Buildings", "Buildings", "{F699DE7A-10AB-4EAB-BCF0-29B018FA5852}"
EndProject
Project("{2150E333-8FDC-42A3-9474-1A3956D46DE8}") = "Services", "Services", "{F91C1C17-7DE1-4432-B887-41273FB8936F}"
EndProject
Project("{2150E333-8FDC-42A3-9474-1A3956D46DE8}") = "Workers", "Workers", "{5911279B-2276-4853-980B-F9DBA725FE74}"
EndProject
Project("{FAE04EC0-301F-11D3-BF4B-00C04F79EFBC}") = "AppCore", "AppCore\AppCore.csproj", "{8D77B8B3-CFAF-477D-9CBE-06EA6B58DF2C}"
EndProject
Project("{FAE04EC0-301F-11D3-BF4B-00C04F79EFBC}") = "MainData", "MainData\MainData.csproj", "{AF53D8CB-1384-4BF8-A74C-FCB63191ED93}"
EndProject
Project("{FAE04EC0-301F-11D3-BF4B-00C04F79EFBC}") = "API_Admin", "API_Admin\API_Admin.csproj", "{B28166C6-C712-42E8-8CCC-3AECB9D9E602}"
EndProject
Project("{FAE04EC0-301F-11D3-BF4B-00C04F79EFBC}") = "API_SystemManager", "API_SystemManager\API_SystemManager.csproj", "{45B6CF38-080F-4CCC-A845-3284EB090352}"
EndProject
Project("{FAE04EC0-301F-11D3-BF4B-00C04F79EFBC}") = "API_Auth", "API_Auth\API_Auth.csproj", "{4A530B21-C3E8-48E8-96A6-5275B7B37C81}"
EndProject
Project("{FAE04EC0-301F-11D3-BF4B-00C04F79EFBC}") = "Worker_PushNotify", "Worker_PushNotify\Worker_PushNotify.csproj", "{54A26813-A69C-424F-B265-9F2DB3339F8E}"
EndProject
Global
	GlobalSection(SolutionConfigurationPlatforms) = preSolution
		Debug|Any CPU = Debug|Any CPU
		Release|Any CPU = Release|Any CPU
	EndGlobalSection
	GlobalSection(ProjectConfigurationPlatforms) = postSolution
		{8D77B8B3-CFAF-477D-9CBE-06EA6B58DF2C}.Debug|Any CPU.ActiveCfg = Debug|Any CPU
		{8D77B8B3-CFAF-477D-9CBE-06EA6B58DF2C}.Debug|Any CPU.Build.0 = Debug|Any CPU
		{8D77B8B3-CFAF-477D-9CBE-06EA6B58DF2C}.Release|Any CPU.ActiveCfg = Release|Any CPU
		{8D77B8B3-CFAF-477D-9CBE-06EA6B58DF2C}.Release|Any CPU.Build.0 = Release|Any CPU
		{AF53D8CB-1384-4BF8-A74C-FCB63191ED93}.Debug|Any CPU.ActiveCfg = Debug|Any CPU
		{AF53D8CB-1384-4BF8-A74C-FCB63191ED93}.Debug|Any CPU.Build.0 = Debug|Any CPU
		{AF53D8CB-1384-4BF8-A74C-FCB63191ED93}.Release|Any CPU.ActiveCfg = Release|Any CPU
		{AF53D8CB-1384-4BF8-A74C-FCB63191ED93}.Release|Any CPU.Build.0 = Release|Any CPU
		{B28166C6-C712-42E8-8CCC-3AECB9D9E602}.Debug|Any CPU.ActiveCfg = Debug|Any CPU
		{B28166C6-C712-42E8-8CCC-3AECB9D9E602}.Debug|Any CPU.Build.0 = Debug|Any CPU
		{B28166C6-C712-42E8-8CCC-3AECB9D9E602}.Release|Any CPU.ActiveCfg = Release|Any CPU
		{B28166C6-C712-42E8-8CCC-3AECB9D9E602}.Release|Any CPU.Build.0 = Release|Any CPU
		{45B6CF38-080F-4CCC-A845-3284EB090352}.Debug|Any CPU.ActiveCfg = Debug|Any CPU
		{45B6CF38-080F-4CCC-A845-3284EB090352}.Debug|Any CPU.Build.0 = Debug|Any CPU
		{45B6CF38-080F-4CCC-A845-3284EB090352}.Release|Any CPU.ActiveCfg = Release|Any CPU
		{45B6CF38-080F-4CCC-A845-3284EB090352}.Release|Any CPU.Build.0 = Release|Any CPU
		{4A530B21-C3E8-48E8-96A6-5275B7B37C81}.Debug|Any CPU.ActiveCfg = Debug|Any CPU
		{4A530B21-C3E8-48E8-96A6-5275B7B37C81}.Debug|Any CPU.Build.0 = Debug|Any CPU
		{4A530B21-C3E8-48E8-96A6-5275B7B37C81}.Release|Any CPU.ActiveCfg = Release|Any CPU
		{4A530B21-C3E8-48E8-96A6-5275B7B37C81}.Release|Any CPU.Build.0 = Release|Any CPU
		{54A26813-A69C-424F-B265-9F2DB3339F8E}.Debug|Any CPU.ActiveCfg = Debug|Any CPU
		{54A26813-A69C-424F-B265-9F2DB3339F8E}.Debug|Any CPU.Build.0 = Debug|Any CPU
		{54A26813-A69C-424F-B265-9F2DB3339F8E}.Release|Any CPU.ActiveCfg = Release|Any CPU
		{54A26813-A69C-424F-B265-9F2DB3339F8E}.Release|Any CPU.Build.0 = Release|Any CPU
	EndGlobalSection
	GlobalSection(NestedProjects) = preSolution
		{8D77B8B3-CFAF-477D-9CBE-06EA6B58DF2C} = {F699DE7A-10AB-4EAB-BCF0-29B018FA5852}
		{AF53D8CB-1384-4BF8-A74C-FCB63191ED93} = {F699DE7A-10AB-4EAB-BCF0-29B018FA5852}
		{B28166C6-C712-42E8-8CCC-3AECB9D9E602} = {F91C1C17-7DE1-4432-B887-41273FB8936F}
		{45B6CF38-080F-4CCC-A845-3284EB090352} = {F91C1C17-7DE1-4432-B887-41273FB8936F}
		{4A530B21-C3E8-48E8-96A6-5275B7B37C81} = {F91C1C17-7DE1-4432-B887-41273FB8936F}
		{54A26813-A69C-424F-B265-9F2DB3339F8E} = {5911279B-2276-4853-980B-F9DBA725FE74}
	EndGlobalSection
EndGlobal
