
Microsoft Visual Studio Solution File, Format Version 12.00
Project("{2150E333-8FDC-42A3-9474-1A3956D46DE8}") = "Buildings", "Buildings", "{F699DE7A-10AB-4EAB-BCF0-29B018FA5852}"
EndProject
Project("{2150E333-8FDC-42A3-9474-1A3956D46DE8}") = "Services", "Services", "{F91C1C17-7DE1-4432-B887-41273FB8936F}"
EndProject
Project("{2150E333-8FDC-42A3-9474-1A3956D46DE8}") = "Workers", "Workers", "{5911279B-2276-4853-980B-F9DBA725FE74}"
EndProject
Project("{FAE04EC0-301F-11D3-BF4B-00C04F79EFBC}") = "AppCore", "Buildings\AppCore\AppCore.csproj", "{CFD2D519-531A-42C4-966A-7CAED811844B}"
EndProject
Project("{FAE04EC0-301F-11D3-BF4B-00C04F79EFBC}") = "MainData", "Buildings\MainData\MainData.csproj", "{0CF41CF6-2E72-4C4D-B6F4-972622BFAF2F}"
EndProject
Project("{FAE04EC0-301F-11D3-BF4B-00C04F79EFBC}") = "API_Admin", "Services\API_Admin\API_Admin.csproj", "{DF4B71E6-D1D5-4B2D-9B10-4A795FB8E45A}"
EndProject
Project("{FAE04EC0-301F-11D3-BF4B-00C04F79EFBC}") = "Worker_Notify", "Workers\Worker_Notify\Worker_Notify.csproj", "{12EEE9F8-645B-40FB-9C0D-833545CBB1EF}"
EndProject
Project("{FAE04EC0-301F-11D3-BF4B-00C04F79EFBC}") = "Worker_SendMail", "Workers\Worker_SendMail\Worker_SendMail.csproj", "{3A8522E6-0ED1-4122-B9C2-BD73AAFDB820}"
EndProject
Project("{FAE04EC0-301F-11D3-BF4B-00C04F79EFBC}") = "API_Auth", "Services\API_Auth\API_Auth.csproj", "{61B256CB-D8A0-4DCE-ACBA-3EF0318B1CFB}"
EndProject
Global
	GlobalSection(SolutionConfigurationPlatforms) = preSolution
		Debug|Any CPU = Debug|Any CPU
		Release|Any CPU = Release|Any CPU
	EndGlobalSection
	GlobalSection(ProjectConfigurationPlatforms) = postSolution
		{CFD2D519-531A-42C4-966A-7CAED811844B}.Debug|Any CPU.ActiveCfg = Debug|Any CPU
		{CFD2D519-531A-42C4-966A-7CAED811844B}.Debug|Any CPU.Build.0 = Debug|Any CPU
		{CFD2D519-531A-42C4-966A-7CAED811844B}.Release|Any CPU.ActiveCfg = Release|Any CPU
		{CFD2D519-531A-42C4-966A-7CAED811844B}.Release|Any CPU.Build.0 = Release|Any CPU
		{0CF41CF6-2E72-4C4D-B6F4-972622BFAF2F}.Debug|Any CPU.ActiveCfg = Debug|Any CPU
		{0CF41CF6-2E72-4C4D-B6F4-972622BFAF2F}.Debug|Any CPU.Build.0 = Debug|Any CPU
		{0CF41CF6-2E72-4C4D-B6F4-972622BFAF2F}.Release|Any CPU.ActiveCfg = Release|Any CPU
		{0CF41CF6-2E72-4C4D-B6F4-972622BFAF2F}.Release|Any CPU.Build.0 = Release|Any CPU
		{DF4B71E6-D1D5-4B2D-9B10-4A795FB8E45A}.Debug|Any CPU.ActiveCfg = Debug|Any CPU
		{DF4B71E6-D1D5-4B2D-9B10-4A795FB8E45A}.Debug|Any CPU.Build.0 = Debug|Any CPU
		{DF4B71E6-D1D5-4B2D-9B10-4A795FB8E45A}.Release|Any CPU.ActiveCfg = Release|Any CPU
		{DF4B71E6-D1D5-4B2D-9B10-4A795FB8E45A}.Release|Any CPU.Build.0 = Release|Any CPU
		{12EEE9F8-645B-40FB-9C0D-833545CBB1EF}.Debug|Any CPU.ActiveCfg = Debug|Any CPU
		{12EEE9F8-645B-40FB-9C0D-833545CBB1EF}.Debug|Any CPU.Build.0 = Debug|Any CPU
		{12EEE9F8-645B-40FB-9C0D-833545CBB1EF}.Release|Any CPU.ActiveCfg = Release|Any CPU
		{12EEE9F8-645B-40FB-9C0D-833545CBB1EF}.Release|Any CPU.Build.0 = Release|Any CPU
		{3A8522E6-0ED1-4122-B9C2-BD73AAFDB820}.Debug|Any CPU.ActiveCfg = Debug|Any CPU
		{3A8522E6-0ED1-4122-B9C2-BD73AAFDB820}.Debug|Any CPU.Build.0 = Debug|Any CPU
		{3A8522E6-0ED1-4122-B9C2-BD73AAFDB820}.Release|Any CPU.ActiveCfg = Release|Any CPU
		{3A8522E6-0ED1-4122-B9C2-BD73AAFDB820}.Release|Any CPU.Build.0 = Release|Any CPU
		{61B256CB-D8A0-4DCE-ACBA-3EF0318B1CFB}.Debug|Any CPU.ActiveCfg = Debug|Any CPU
		{61B256CB-D8A0-4DCE-ACBA-3EF0318B1CFB}.Debug|Any CPU.Build.0 = Debug|Any CPU
		{61B256CB-D8A0-4DCE-ACBA-3EF0318B1CFB}.Release|Any CPU.ActiveCfg = Release|Any CPU
		{61B256CB-D8A0-4DCE-ACBA-3EF0318B1CFB}.Release|Any CPU.Build.0 = Release|Any CPU
	EndGlobalSection
	GlobalSection(NestedProjects) = preSolution
		{CFD2D519-531A-42C4-966A-7CAED811844B} = {F699DE7A-10AB-4EAB-BCF0-29B018FA5852}
		{0CF41CF6-2E72-4C4D-B6F4-972622BFAF2F} = {F699DE7A-10AB-4EAB-BCF0-29B018FA5852}
		{DF4B71E6-D1D5-4B2D-9B10-4A795FB8E45A} = {F91C1C17-7DE1-4432-B887-41273FB8936F}
		{12EEE9F8-645B-40FB-9C0D-833545CBB1EF} = {5911279B-2276-4853-980B-F9DBA725FE74}
		{3A8522E6-0ED1-4122-B9C2-BD73AAFDB820} = {5911279B-2276-4853-980B-F9DBA725FE74}
		{61B256CB-D8A0-4DCE-ACBA-3EF0318B1CFB} = {F91C1C17-7DE1-4432-B887-41273FB8936F}
	EndGlobalSection
EndGlobal
